
Microsoft Visual Studio Solution File, Format Version 12.00
# Visual Studio Version 17
VisualStudioVersion = 17.0.31903.59
MinimumVisualStudioVersion = 10.0.40219.1
Project("{2150E333-8FDC-42A3-9474-1A3956D46DE8}") = "src", "src", "{4D479337-A3FD-40C1-A2FA-787577B663B5}"
EndProject
Project("{FAE04EC0-301F-11D3-BF4B-00C04F79EFBC}") = "TinyShop.Web", "src\TinyShop.Web\TinyShop.Web.csproj", "{CD576A50-B28D-4416-B96A-FF7F8A680ABF}"
EndProject
Project("{FAE04EC0-301F-11D3-BF4B-00C04F79EFBC}") = "TinyShop.Api", "src\TinyShop.Api\TinyShop.Api.csproj", "{214F6D0C-6BF6-484C-AFE9-E3B44A1212FA}"
EndProject
Project("{FAE04EC0-301F-11D3-BF4B-00C04F79EFBC}") = "TinyShop.Shared", "src\TinyShop.Shared\TinyShop.Shared.csproj", "{FC6716C7-6CE4-4132-88BC-80D3D42222BE}"
EndProject
Global
	GlobalSection(SolutionConfigurationPlatforms) = preSolution
		Debug|Any CPU = Debug|Any CPU
		Release|Any CPU = Release|Any CPU
	EndGlobalSection
	GlobalSection(SolutionProperties) = preSolution
		HideSolutionNode = FALSE
	EndGlobalSection
	GlobalSection(ProjectConfigurationPlatforms) = postSolution
		{CD576A50-B28D-4416-B96A-FF7F8A680ABF}.Debug|Any CPU.ActiveCfg = Debug|Any CPU
		{CD576A50-B28D-4416-B96A-FF7F8A680ABF}.Debug|Any CPU.Build.0 = Debug|Any CPU
		{CD576A50-B28D-4416-B96A-FF7F8A680ABF}.Release|Any CPU.ActiveCfg = Release|Any CPU
		{CD576A50-B28D-4416-B96A-FF7F8A680ABF}.Release|Any CPU.Build.0 = Release|Any CPU
		{214F6D0C-6BF6-484C-AFE9-E3B44A1212FA}.Debug|Any CPU.ActiveCfg = Debug|Any CPU
		{214F6D0C-6BF6-484C-AFE9-E3B44A1212FA}.Debug|Any CPU.Build.0 = Debug|Any CPU
		{214F6D0C-6BF6-484C-AFE9-E3B44A1212FA}.Release|Any CPU.ActiveCfg = Release|Any CPU
		{214F6D0C-6BF6-484C-AFE9-E3B44A1212FA}.Release|Any CPU.Build.0 = Release|Any CPU
		{FC6716C7-6CE4-4132-88BC-80D3D42222BE}.Debug|Any CPU.ActiveCfg = Debug|Any CPU
		{FC6716C7-6CE4-4132-88BC-80D3D42222BE}.Debug|Any CPU.Build.0 = Debug|Any CPU
		{FC6716C7-6CE4-4132-88BC-80D3D42222BE}.Release|Any CPU.ActiveCfg = Release|Any CPU
		{FC6716C7-6CE4-4132-88BC-80D3D42222BE}.Release|Any CPU.Build.0 = Release|Any CPU
	EndGlobalSection
	GlobalSection(NestedProjects) = preSolution
		{CD576A50-B28D-4416-B96A-FF7F8A680ABF} = {4D479337-A3FD-40C1-A2FA-787577B663B5}
		{214F6D0C-6BF6-484C-AFE9-E3B44A1212FA} = {4D479337-A3FD-40C1-A2FA-787577B663B5}
		{FC6716C7-6CE4-4132-88BC-80D3D42222BE} = {4D479337-A3FD-40C1-A2FA-787577B663B5}
	EndGlobalSection
EndGlobal
